
Microsoft Visual Studio Solution File, Format Version 12.00
# Visual Studio Version 17
VisualStudioVersion = 17.1.32228.430
MinimumVisualStudioVersion = 10.0.40219.1
Project("{FAE04EC0-301F-11D3-BF4B-00C04F79EFBC}") = "KR", "KR\KR.csproj", "{867B67DA-329A-41EB-9682-C75C1824C6CF}"
EndProject
Global
	GlobalSection(SolutionConfigurationPlatforms) = preSolution
		Debug|Any CPU = Debug|Any CPU
		Release|Any CPU = Release|Any CPU
	EndGlobalSection
	GlobalSection(ProjectConfigurationPlatforms) = postSolution
		{867B67DA-329A-41EB-9682-C75C1824C6CF}.Debug|Any CPU.ActiveCfg = Debug|Any CPU
		{867B67DA-329A-41EB-9682-C75C1824C6CF}.Debug|Any CPU.Build.0 = Debug|Any CPU
		{867B67DA-329A-41EB-9682-C75C1824C6CF}.Release|Any CPU.ActiveCfg = Release|Any CPU
		{867B67DA-329A-41EB-9682-C75C1824C6CF}.Release|Any CPU.Build.0 = Release|Any CPU
	EndGlobalSection
	GlobalSection(SolutionProperties) = preSolution
		HideSolutionNode = FALSE
	EndGlobalSection
	GlobalSection(ExtensibilityGlobals) = postSolution
		SolutionGuid = {F14F83F9-21B2-4DFB-B460-FCDD7E5836E1}
	EndGlobalSection
EndGlobal
